
Microsoft Visual Studio Solution File, Format Version 12.00
# Visual Studio Version 17
VisualStudioVersion = 17.14.36414.22 d17.14
MinimumVisualStudioVersion = 10.0.40219.1
Project("{FAE04EC0-301F-11D3-BF4B-00C04F79EFBC}") = "Lessons", "ConsoleApp3\Lessons.csproj", "{B25B2E63-DDB1-4F96-86C3-832C9ED35013}"
EndProject
Global
	GlobalSection(SolutionConfigurationPlatforms) = preSolution
		Debug|Any CPU = Debug|Any CPU
		Release|Any CPU = Release|Any CPU
	EndGlobalSection
	GlobalSection(ProjectConfigurationPlatforms) = postSolution
		{B25B2E63-DDB1-4F96-86C3-832C9ED35013}.Debug|Any CPU.ActiveCfg = Debug|Any CPU
		{B25B2E63-DDB1-4F96-86C3-832C9ED35013}.Debug|Any CPU.Build.0 = Debug|Any CPU
		{B25B2E63-DDB1-4F96-86C3-832C9ED35013}.Release|Any CPU.ActiveCfg = Release|Any CPU
		{B25B2E63-DDB1-4F96-86C3-832C9ED35013}.Release|Any CPU.Build.0 = Release|Any CPU
	EndGlobalSection
	GlobalSection(SolutionProperties) = preSolution
		HideSolutionNode = FALSE
	EndGlobalSection
	GlobalSection(ExtensibilityGlobals) = postSolution
		SolutionGuid = {01122E68-BD11-477A-AE71-1400F84A45C5}
	EndGlobalSection
EndGlobal
